# @generated by Move, please check-in and do not edit manually.

[move]
version = 3
manifest_digest = "02ABFD075818179C9DE228E7ACF75EC4D22BF74534FA5A0F29D2FC631123AB9E"
deps_digest = "F8BBB0CCB2491CA29A3DF03D6F92277A4F3574266507ACD77214D37ECA3F3082"
dependencies = [
  { id = "Sui", name = "Sui" },
]

[[move.package]]
id = "MoveStdlib"
source = { git = "https://github.com/MystenLabs/sui.git", rev = "framework/testnet", subdir = "crates\\sui-framework\\packages\\move-stdlib" }

[[move.package]]
id = "Sui"
source = { git = "https://github.com/MystenLabs/sui.git", rev = "framework/testnet", subdir = "crates/sui-framework/packages/sui-framework" }

dependencies = [
  { id = "MoveStdlib", name = "MoveStdlib" },
]

[move.toolchain-version]
compiler-version = "1.55.0"
edition = "2024.beta"
flavor = "sui"

[env]

[env.testnet]
chain-id = "4c78adac"
original-published-id = "0xbe5048c07c8950722b4872f6ac5c32536f2f4726606fb6a6c73756b0e46058b1"
latest-published-id = "0xbe5048c07c8950722b4872f6ac5c32536f2f4726606fb6a6c73756b0e46058b1"
published-version = "1"
